flarum-lock:
  admin:
    permissions:
      lock_discussions_label: 'Kto może zamykać dyskusje?'
  forum:
    badge:
      locked_tooltip: Zamknięta
    discussion_controls:
      lock_button: Zamknij
      unlock_button: Otwórz
    notifications:
      discussion_locked_text: '{username} zamknął tę dyskusję'
    post_stream:
      discussion_locked_text: '{username} zamknął dyskusję.'
      discussion_unlocked_text: '{username} otworzył dyskusję.'
    settings:
      notify_discussion_locked_label: 'Gdy ktoś zamknie dyskysję, którą rozpocząłem'
